
Microsoft Visual Studio Solution File, Format Version 12.00
# Visual Studio Version 16
VisualStudioVersion = 16.0.33529.622
MinimumVisualStudioVersion = 10.0.40219.1
Project("{9A19103F-16F7-4668-BE54-9A1E7A4F7556}") = "ConsoleApp", "ConsoleApp\ConsoleApp.csproj", "{3846B889-4CF0-4563-9683-92A62C3CC9B7}"
EndProject
Project("{FAE04EC0-301F-11D3-BF4B-00C04F79EFBC}") = "WebApi", "WebApi\WebApi.csproj", "{07159584-95E2-4E19-8959-C2F236069E65}"
EndProject
Project("{FAE04EC0-301F-11D3-BF4B-00C04F79EFBC}") = "SharedComponent", "SharedComponent\SharedComponent.csproj", "{09507020-770F-41BE-B440-B2CFB6D1FAA2}"
EndProject
Project("{FAE04EC0-301F-11D3-BF4B-00C04F79EFBC}") = "Common", "Common\Common.csproj", "{52F02251-1C1B-44A2-B397-3A1A5231592F}"
EndProject
Project("{FAE04EC0-301F-11D3-BF4B-00C04F79EFBC}") = "Engine", "Engine\Engine.csproj", "{16E2B762-96A0-42B1-B8F7-0293F1981D0D}"
EndProject
Global
	GlobalSection(SolutionConfigurationPlatforms) = preSolution
		Debug|Any CPU = Debug|Any CPU
		Release|Any CPU = Release|Any CPU
	EndGlobalSection
	GlobalSection(ProjectConfigurationPlatforms) = postSolution
		{3846B889-4CF0-4563-9683-92A62C3CC9B7}.Debug|Any CPU.ActiveCfg = Debug|Any CPU
		{3846B889-4CF0-4563-9683-92A62C3CC9B7}.Debug|Any CPU.Build.0 = Debug|Any CPU
		{3846B889-4CF0-4563-9683-92A62C3CC9B7}.Release|Any CPU.ActiveCfg = Release|Any CPU
		{3846B889-4CF0-4563-9683-92A62C3CC9B7}.Release|Any CPU.Build.0 = Release|Any CPU
		{07159584-95E2-4E19-8959-C2F236069E65}.Debug|Any CPU.ActiveCfg = Debug|Any CPU
		{07159584-95E2-4E19-8959-C2F236069E65}.Debug|Any CPU.Build.0 = Debug|Any CPU
		{07159584-95E2-4E19-8959-C2F236069E65}.Release|Any CPU.ActiveCfg = Release|Any CPU
		{07159584-95E2-4E19-8959-C2F236069E65}.Release|Any CPU.Build.0 = Release|Any CPU
		{09507020-770F-41BE-B440-B2CFB6D1FAA2}.Debug|Any CPU.ActiveCfg = Debug|Any CPU
		{09507020-770F-41BE-B440-B2CFB6D1FAA2}.Debug|Any CPU.Build.0 = Debug|Any CPU
		{09507020-770F-41BE-B440-B2CFB6D1FAA2}.Release|Any CPU.ActiveCfg = Release|Any CPU
		{09507020-770F-41BE-B440-B2CFB6D1FAA2}.Release|Any CPU.Build.0 = Release|Any CPU
		{52F02251-1C1B-44A2-B397-3A1A5231592F}.Debug|Any CPU.ActiveCfg = Debug|Any CPU
		{52F02251-1C1B-44A2-B397-3A1A5231592F}.Debug|Any CPU.Build.0 = Debug|Any CPU
		{52F02251-1C1B-44A2-B397-3A1A5231592F}.Release|Any CPU.ActiveCfg = Release|Any CPU
		{52F02251-1C1B-44A2-B397-3A1A5231592F}.Release|Any CPU.Build.0 = Release|Any CPU
		{16E2B762-96A0-42B1-B8F7-0293F1981D0D}.Debug|Any CPU.ActiveCfg = Debug|Any CPU
		{16E2B762-96A0-42B1-B8F7-0293F1981D0D}.Debug|Any CPU.Build.0 = Debug|Any CPU
		{16E2B762-96A0-42B1-B8F7-0293F1981D0D}.Release|Any CPU.ActiveCfg = Release|Any CPU
		{16E2B762-96A0-42B1-B8F7-0293F1981D0D}.Release|Any CPU.Build.0 = Release|Any CPU
	EndGlobalSection
	GlobalSection(SolutionProperties) = preSolution
		HideSolutionNode = FALSE
	EndGlobalSection
	GlobalSection(ExtensibilityGlobals) = postSolution
		SolutionGuid = {CED6032F-E78F-43F4-8E2B-B9B8047A1F98}
	EndGlobalSection
EndGlobal
